{
  "name": "platforms",
  "version": "1.0.0",
  "lockfileVersion": 2,
  "requires": true,
  "packages": {
    "": {
      "name": "platforms",
      "version": "1.0.0",
      "license": "ISC",
      "dependencies": {
        "@wee-owl/ajs": "^1.0.0"
      }
    },
    "node_modules/@wee-owl/ajs": {
      "version": "1.0.0",
      "resolved": "https://npm.pkg.github.com/download/@wee-owl/ajs/1.0.0/c46cf64bc7a868947a2d5bc69226c0653932a17a",
      "integrity": "sha512-6fcYdWEyzleUeACudLTdjiw6Czyi8nVNo0NSYNQf+Fgub8yZ//bd4PQmSlFxjG9uTUxtL/42gh9T9r+yudm6RQ==",
      "license": "ISC"
    }
  },
  "dependencies": {
    "@wee-owl/ajs": {
      "version": "1.0.0",
      "resolved": "https://npm.pkg.github.com/download/@wee-owl/ajs/1.0.0/c46cf64bc7a868947a2d5bc69226c0653932a17a",
      "integrity": "sha512-6fcYdWEyzleUeACudLTdjiw6Czyi8nVNo0NSYNQf+Fgub8yZ//bd4PQmSlFxjG9uTUxtL/42gh9T9r+yudm6RQ=="
    }
  }
}
